
Microsoft Visual Studio Solution File, Format Version 12.00
# Visual Studio 14
VisualStudioVersion = 14.0.25123.0
MinimumVisualStudioVersion = 10.0.40219.1
Project("{54435603-DBB4-11D2-8724-00A0C9A8B90C}") = "EzStream", "EzStream\EzStream.vdproj", "{0DC178B8-6F80-41E7-BB35-91E1C615764C}"
EndProject
Global
	GlobalSection(SolutionConfigurationPlatforms) = preSolution
		Debug|Default = Debug|Default
		Release|Default = Release|Default
	EndGlobalSection
	GlobalSection(ProjectConfigurationPlatforms) = postSolution
		{0DC178B8-6F80-41E7-BB35-91E1C615764C}.Debug|Default.ActiveCfg = Debug
		{0DC178B8-6F80-41E7-BB35-91E1C615764C}.Debug|Default.Build.0 = Debug
		{0DC178B8-6F80-41E7-BB35-91E1C615764C}.Release|Default.ActiveCfg = Release
		{0DC178B8-6F80-41E7-BB35-91E1C615764C}.Release|Default.Build.0 = Release
	EndGlobalSection
	GlobalSection(SolutionProperties) = preSolution
		HideSolutionNode = FALSE
	EndGlobalSection
EndGlobal
